
Microsoft Visual Studio Solution File, Format Version 12.00
# Visual Studio Version 16
VisualStudioVersion = 16.0.29306.81
MinimumVisualStudioVersion = 10.0.40219.1
Project("{FAE04EC0-301F-11D3-BF4B-00C04F79EFBC}") = "jm555115_MIS4200_1", "jm555115_MIS4200_1.csproj", "{4DD37490-7633-4539-8561-A074BA7EB4C0}"
EndProject
Global
	GlobalSection(SolutionConfigurationPlatforms) = preSolution
		Debug|Any CPU = Debug|Any CPU
		Release|Any CPU = Release|Any CPU
	EndGlobalSection
	GlobalSection(ProjectConfigurationPlatforms) = postSolution
		{4DD37490-7633-4539-8561-A074BA7EB4C0}.Debug|Any CPU.ActiveCfg = Debug|Any CPU
		{4DD37490-7633-4539-8561-A074BA7EB4C0}.Debug|Any CPU.Build.0 = Debug|Any CPU
		{4DD37490-7633-4539-8561-A074BA7EB4C0}.Release|Any CPU.ActiveCfg = Release|Any CPU
		{4DD37490-7633-4539-8561-A074BA7EB4C0}.Release|Any CPU.Build.0 = Release|Any CPU
	EndGlobalSection
	GlobalSection(SolutionProperties) = preSolution
		HideSolutionNode = FALSE
	EndGlobalSection
	GlobalSection(ExtensibilityGlobals) = postSolution
		SolutionGuid = {FCBFC10C-8F97-493B-8C55-A4D4B7E4DB92}
	EndGlobalSection
EndGlobal
